
Microsoft Visual Studio Solution File, Format Version 12.00
# Visual Studio Version 17
VisualStudioVersion = 17.4.33205.214
MinimumVisualStudioVersion = 10.0.40219.1
Project("{FAE04EC0-301F-11D3-BF4B-00C04F79EFBC}") = "StrategyPatern", "StrategyPatern\StrategyPatern.csproj", "{6BB90CCB-8ACC-4D33-9484-59377F9171EE}"
EndProject
Global
	GlobalSection(SolutionConfigurationPlatforms) = preSolution
		Debug|Any CPU = Debug|Any CPU
		Release|Any CPU = Release|Any CPU
	EndGlobalSection
	GlobalSection(ProjectConfigurationPlatforms) = postSolution
		{6BB90CCB-8ACC-4D33-9484-59377F9171EE}.Debug|Any CPU.ActiveCfg = Debug|Any CPU
		{6BB90CCB-8ACC-4D33-9484-59377F9171EE}.Debug|Any CPU.Build.0 = Debug|Any CPU
		{6BB90CCB-8ACC-4D33-9484-59377F9171EE}.Release|Any CPU.ActiveCfg = Release|Any CPU
		{6BB90CCB-8ACC-4D33-9484-59377F9171EE}.Release|Any CPU.Build.0 = Release|Any CPU
	EndGlobalSection
	GlobalSection(SolutionProperties) = preSolution
		HideSolutionNode = FALSE
	EndGlobalSection
	GlobalSection(ExtensibilityGlobals) = postSolution
		SolutionGuid = {0EB6874E-4362-41B4-B7C4-6E7A83338611}
	EndGlobalSection
EndGlobal
