
Microsoft Visual Studio Solution File, Format Version 12.00
# Visual Studio Version 16
VisualStudioVersion = 16.0.30717.126
MinimumVisualStudioVersion = 10.0.40219.1
Project("{2150E333-8FDC-42A3-9474-1A3956D46DE8}") = "1.Domain", "1.Domain", "{D120BEE8-EA6D-4154-A602-9FBF296DA3B4}"
EndProject
Project("{2150E333-8FDC-42A3-9474-1A3956D46DE8}") = "2.Tests", "2.Tests", "{0D8F33DF-0917-4CF8-8940-89582C697659}"
EndProject
Project("{FAE04EC0-301F-11D3-BF4B-00C04F79EFBC}") = "AbstractFactory", "AbstractFactory\AbstractFactory.csproj", "{59CF8BC7-30EF-40D6-905C-D65EE782EF46}"
EndProject
Project("{FAE04EC0-301F-11D3-BF4B-00C04F79EFBC}") = "TestsAbstractFactory", "TestsAbstractFactory\TestsAbstractFactory.csproj", "{A69FC5F1-903E-4C90-A192-745898920E1F}"
EndProject
Global
	GlobalSection(SolutionConfigurationPlatforms) = preSolution
		Debug|Any CPU = Debug|Any CPU
		Release|Any CPU = Release|Any CPU
	EndGlobalSection
	GlobalSection(ProjectConfigurationPlatforms) = postSolution
		{59CF8BC7-30EF-40D6-905C-D65EE782EF46}.Debug|Any CPU.ActiveCfg = Debug|Any CPU
		{59CF8BC7-30EF-40D6-905C-D65EE782EF46}.Debug|Any CPU.Build.0 = Debug|Any CPU
		{59CF8BC7-30EF-40D6-905C-D65EE782EF46}.Release|Any CPU.ActiveCfg = Release|Any CPU
		{59CF8BC7-30EF-40D6-905C-D65EE782EF46}.Release|Any CPU.Build.0 = Release|Any CPU
		{A69FC5F1-903E-4C90-A192-745898920E1F}.Debug|Any CPU.ActiveCfg = Debug|Any CPU
		{A69FC5F1-903E-4C90-A192-745898920E1F}.Debug|Any CPU.Build.0 = Debug|Any CPU
		{A69FC5F1-903E-4C90-A192-745898920E1F}.Release|Any CPU.ActiveCfg = Release|Any CPU
		{A69FC5F1-903E-4C90-A192-745898920E1F}.Release|Any CPU.Build.0 = Release|Any CPU
	EndGlobalSection
	GlobalSection(SolutionProperties) = preSolution
		HideSolutionNode = FALSE
	EndGlobalSection
	GlobalSection(NestedProjects) = preSolution
		{59CF8BC7-30EF-40D6-905C-D65EE782EF46} = {D120BEE8-EA6D-4154-A602-9FBF296DA3B4}
		{A69FC5F1-903E-4C90-A192-745898920E1F} = {0D8F33DF-0917-4CF8-8940-89582C697659}
	EndGlobalSection
	GlobalSection(ExtensibilityGlobals) = postSolution
		SolutionGuid = {76F228A0-57D0-4137-ABB1-D5AE793DDB48}
	EndGlobalSection
EndGlobal
